
Microsoft Visual Studio Solution File, Format Version 12.00
# Visual Studio Version 17
VisualStudioVersion = 17.10.35013.160
MinimumVisualStudioVersion = 10.0.40219.1
Project("{FAE04EC0-301F-11D3-BF4B-00C04F79EFBC}") = "GestionBeneficiario_BackendAPI", "GestionBeneficiario_BackendAPI\GestionBeneficiario_BackendAPI.csproj", "{630EE09B-9E80-47FB-904D-092AAA57B397}"
EndProject
Global
	GlobalSection(SolutionConfigurationPlatforms) = preSolution
		Debug|Any CPU = Debug|Any CPU
		Release|Any CPU = Release|Any CPU
	EndGlobalSection
	GlobalSection(ProjectConfigurationPlatforms) = postSolution
		{630EE09B-9E80-47FB-904D-092AAA57B397}.Debug|Any CPU.ActiveCfg = Debug|Any CPU
		{630EE09B-9E80-47FB-904D-092AAA57B397}.Debug|Any CPU.Build.0 = Debug|Any CPU
		{630EE09B-9E80-47FB-904D-092AAA57B397}.Release|Any CPU.ActiveCfg = Release|Any CPU
		{630EE09B-9E80-47FB-904D-092AAA57B397}.Release|Any CPU.Build.0 = Release|Any CPU
	EndGlobalSection
	GlobalSection(SolutionProperties) = preSolution
		HideSolutionNode = FALSE
	EndGlobalSection
	GlobalSection(ExtensibilityGlobals) = postSolution
		SolutionGuid = {6870442C-1019-4262-9D5B-83D64A63D8C3}
	EndGlobalSection
EndGlobal
